# This file is autogenerated, do not edit; changes may be undone by the next 'dep ensure'.


[[projects]]
  branch = "master"
  name = "github.com/MaxHalford/eaopt"
  packages = ["."]
  revision = "e7495003d6bf68a7b062c1956b59dd8058a81c99"

[[projects]]
  name = "github.com/davecgh/go-spew"
  packages = ["spew"]
  revision = "8991bc29aa16c548c550c7ff78260e27b9ab7c73"
  version = "v1.1.1"

[[projects]]
  branch = "master"
  name = "github.com/jinzhu/copier"
  packages = ["."]
  revision = "7e38e58719c33e0d44d585c4ab477a30f8cb82dd"

[[projects]]
  name = "github.com/pmezard/go-difflib"
  packages = ["difflib"]
  revision = "792786c7400a136282c1664665ae0a8db921c6c2"
  version = "v1.0.0"

[[projects]]
  branch = "master"
  name = "github.com/robertkrimen/otto"
  packages = [
    ".",
    "ast",
    "dbg",
    "file",
    "parser",
    "registry",
    "token"
  ]
  revision = "15f95af6e78dcd2030d8195a138bd88d4f403546"

[[projects]]
  name = "github.com/sanity-io/litter"
  packages = ["."]
  revision = "ae543b7ba8fd6af63e4976198f146e1348ae53c1"
  version = "v1.1.0"

[[projects]]
  name = "github.com/stretchr/testify"
  packages = [
    "assert",
    "require"
  ]
  revision = "f35b8ab0b5a2cef36673838d662e249dd9c94686"
  version = "v1.2.2"

[[projects]]
  branch = "master"
  name = "golang.org/x/net"
  packages = ["context"]
  revision = "26e67e76b6c3f6ce91f7c52def5af501b4e0f3a2"

[[projects]]
  branch = "master"
  name = "golang.org/x/sync"
  packages = ["errgroup"]
  revision = "1d60e4601c6fd243af51cc01ddf169918a5407ca"

[[projects]]
  name = "gopkg.in/sourcemap.v1"
  packages = [
    ".",
    "base64vlq"
  ]
  revision = "6e83acea0053641eff084973fee085f0c193c61a"
  version = "v1.0.5"

[solve-meta]
  analyzer-name = "dep"
  analyzer-version = 1
  inputs-digest = "740edbef4f8a824d9d9c18d92a5151387054b3a66c5a55a2f330aca15625db28"
  solver-name = "gps-cdcl"
  solver-version = 1
